
Microsoft Visual Studio Solution File, Format Version 12.00
Project("{FAE04EC0-301F-11D3-BF4B-00C04F79EFBC}") = "SqlRunner", "SqlRunner\SqlRunner.csproj", "{A96996D0-6050-4062-A83B-FB55654B45BE}"
EndProject
Project("{FAE04EC0-301F-11D3-BF4B-00C04F79EFBC}") = "Sample", "Sample\Sample.csproj", "{7C02B99B-33B4-4C34-B92D-95F03FB5F0F0}"
EndProject
Global
	GlobalSection(SolutionConfigurationPlatforms) = preSolution
		Debug|Any CPU = Debug|Any CPU
		Release|Any CPU = Release|Any CPU
	EndGlobalSection
	GlobalSection(ProjectConfigurationPlatforms) = postSolution
		{A96996D0-6050-4062-A83B-FB55654B45BE}.Debug|Any CPU.ActiveCfg = Debug|Any CPU
		{A96996D0-6050-4062-A83B-FB55654B45BE}.Debug|Any CPU.Build.0 = Debug|Any CPU
		{A96996D0-6050-4062-A83B-FB55654B45BE}.Release|Any CPU.ActiveCfg = Release|Any CPU
		{A96996D0-6050-4062-A83B-FB55654B45BE}.Release|Any CPU.Build.0 = Release|Any CPU
		{7C02B99B-33B4-4C34-B92D-95F03FB5F0F0}.Debug|Any CPU.ActiveCfg = Debug|Any CPU
		{7C02B99B-33B4-4C34-B92D-95F03FB5F0F0}.Debug|Any CPU.Build.0 = Debug|Any CPU
		{7C02B99B-33B4-4C34-B92D-95F03FB5F0F0}.Release|Any CPU.ActiveCfg = Release|Any CPU
		{7C02B99B-33B4-4C34-B92D-95F03FB5F0F0}.Release|Any CPU.Build.0 = Release|Any CPU
	EndGlobalSection
EndGlobal
